// !$*UTF8*$!
{
	archiveVersion = 1;
	classes = {
	};
	objectVersion = 46;
	objects = {

/* Begin PBXBuildFile section */
		9B769B5B1946C4EF00581A07 /* Foundation.framework in Frameworks */ = {isa = PBXBuildFile; fileRef = 9B769B5A1946C4EF00581A07 /* Foundation.framework */; };
		9B769B5D1946C4EF00581A07 /* CoreGraphics.framework in Frameworks */ = {isa = PBXBuildFile; fileRef = 9B769B5C1946C4EF00581A07 /* CoreGraphics.framework */; };
		9B769B5F1946C4EF00581A07 /* UIKit.framework in Frameworks */ = {isa = PBXBuildFile; fileRef = 9B769B5E1946C4EF00581A07 /* UIKit.framework */; };
		9B769B651946C4EF00581A07 /* InfoPlist.strings in Resources */ = {isa = PBXBuildFile; fileRef = 9B769B631946C4EF00581A07 /* InfoPlist.strings */; };
		9B769B671946C4EF00581A07 /* main.m in Sources */ = {isa = PBXBuildFile; fileRef = 9B769B661946C4EF00581A07 /* main.m */; };
		9B769B731946C4EF00581A07 /* Images.xcassets in Resources */ = {isa = PBXBuildFile; fileRef = 9B769B721946C4EF00581A07 /* Images.xcassets */; };
		9B9881871946CF3B009304E2 /* AppDelegate.m in Sources */ = {isa = PBXBuildFile; fileRef = 9B9881861946CF3B009304E2 /* AppDelegate.m */; };
		9BAF61AE19561EB200482F21 /* AQChartViewController.m in Sources */ = {isa = PBXBuildFile; fileRef = 9BAF61AD19561EB200482F21 /* AQChartViewController.m */; };
		9BAF61B519561EDF00482F21 /* AQBaseNavigationController.m in Sources */ = {isa = PBXBuildFile; fileRef = 9BAF61B419561EDF00482F21 /* AQBaseNavigationController.m */; };
		9BF39FC01956431B00777DB9 /* AQChartDetailViewController.m in Sources */ = {isa = PBXBuildFile; fileRef = 9BF39FBF1956431B00777DB9 /* AQChartDetailViewController.m */; };
		9BF39FC71956515700777DB9 /* AQDataModel.m in Sources */ = {isa = PBXBuildFile; fileRef = 9BF39FC61956515700777DB9 /* AQDataModel.m */; };
		AFBA96371DE84A2184837E81 /* libPods.a in Frameworks */ = {isa = PBXBuildFile; fileRef = 7B973261D2C24131AD99E38D /* libPods.a */; };
/* End PBXBuildFile section */

/* Begin PBXFileReference section */
		384ED5DE99B94CB1837CF580 /* Pods.xcconfig */ = {isa = PBXFileReference; includeInIndex = 1; lastKnownFileType = text.xcconfig; name = Pods.xcconfig; path = Pods/Pods.xcconfig; sourceTree = "<group>"; };
		7B973261D2C24131AD99E38D /* libPods.a */ = {isa = PBXFileReference; explicitFileType = archive.ar; includeInIndex = 0; path = libPods.a; sourceTree = BUILT_PRODUCTS_DIR; };
		9B769B571946C4EF00581A07 /* anscombe-quartet-ios.app */ = {isa = PBXFileReference; explicitFileType = wrapper.application; includeInIndex = 0; path = "anscombe-quartet-ios.app"; sourceTree = BUILT_PRODUCTS_DIR; };
		9B769B5A1946C4EF00581A07 /* Foundation.framework */ = {isa = PBXFileReference; lastKnownFileType = wrapper.framework; name = Foundation.framework; path = System/Library/Frameworks/Foundation.framework; sourceTree = SDKROOT; };
		9B769B5C1946C4EF00581A07 /* CoreGraphics.framework */ = {isa = PBXFileReference; lastKnownFileType = wrapper.framework; name = CoreGraphics.framework; path = System/Library/Frameworks/CoreGraphics.framework; sourceTree = SDKROOT; };
		9B769B5E1946C4EF00581A07 /* UIKit.framework */ = {isa = PBXFileReference; lastKnownFileType = wrapper.framework; name = UIKit.framework; path = System/Library/Frameworks/UIKit.framework; sourceTree = SDKROOT; };
		9B769B621946C4EF00581A07 /* anscombe-quartet-ios-Info.plist */ = {isa = PBXFileReference; lastKnownFileType = text.plist.xml; path = "anscombe-quartet-ios-Info.plist"; sourceTree = "<group>"; };
		9B769B641946C4EF00581A07 /* en */ = {isa = PBXFileReference; lastKnownFileType = text.plist.strings; name = en; path = en.lproj/InfoPlist.strings; sourceTree = "<group>"; };
		9B769B661946C4EF00581A07 /* main.m */ = {isa = PBXFileReference; lastKnownFileType = sourcecode.c.objc; path = main.m; sourceTree = "<group>"; };
		9B769B681946C4EF00581A07 /* anscombe-quartet-ios-Prefix.pch */ = {isa = PBXFileReference; lastKnownFileType = sourcecode.c.h; path = "anscombe-quartet-ios-Prefix.pch"; sourceTree = "<group>"; };
		9B769B721946C4EF00581A07 /* Images.xcassets */ = {isa = PBXFileReference; lastKnownFileType = folder.assetcatalog; path = Images.xcassets; sourceTree = "<group>"; };
		9B769B791946C4EF00581A07 /* XCTest.framework */ = {isa = PBXFileReference; lastKnownFileType = wrapper.framework; name = XCTest.framework; path = Library/Frameworks/XCTest.framework; sourceTree = DEVELOPER_DIR; };
		9B9881851946CF3B009304E2 /* AppDelegate.h */ = {isa = PBXFileReference; fileEncoding = 4; lastKnownFileType = sourcecode.c.h; path = AppDelegate.h; sourceTree = "<group>"; };
		9B9881861946CF3B009304E2 /* AppDelegate.m */ = {isa = PBXFileReference; fileEncoding = 4; lastKnownFileType = sourcecode.c.objc; path = AppDelegate.m; sourceTree = "<group>"; };
		9BAF61AC19561EB200482F21 /* AQChartViewController.h */ = {isa = PBXFileReference; fileEncoding = 4; lastKnownFileType = sourcecode.c.h; path = AQChartViewController.h; sourceTree = "<group>"; };
		9BAF61AD19561EB200482F21 /* AQChartViewController.m */ = {isa = PBXFileReference; fileEncoding = 4; lastKnownFileType = sourcecode.c.objc; path = AQChartViewController.m; sourceTree = "<group>"; };
		9BAF61B319561EDF00482F21 /* AQBaseNavigationController.h */ = {isa = PBXFileReference; fileEncoding = 4; lastKnownFileType = sourcecode.c.h; path = AQBaseNavigationController.h; sourceTree = "<group>"; };
		9BAF61B419561EDF00482F21 /* AQBaseNavigationController.m */ = {isa = PBXFileReference; fileEncoding = 4; lastKnownFileType = sourcecode.c.objc; path = AQBaseNavigationController.m; sourceTree = "<group>"; };
		9BAF61B919562B7400482F21 /* AQConstants.h */ = {isa = PBXFileReference; fileEncoding = 4; lastKnownFileType = sourcecode.c.h; path = AQConstants.h; sourceTree = "<group>"; };
		9BAF61BA19562B8000482F21 /* AQColorConstants.h */ = {isa = PBXFileReference; fileEncoding = 4; lastKnownFileType = sourcecode.c.h; path = AQColorConstants.h; sourceTree = "<group>"; };
		9BF39FBD19563C2400777DB9 /* AQStringConstants.h */ = {isa = PBXFileReference; fileEncoding = 4; lastKnownFileType = sourcecode.c.h; path = AQStringConstants.h; sourceTree = "<group>"; };
		9BF39FBE1956431B00777DB9 /* AQChartDetailViewController.h */ = {isa = PBXFileReference; fileEncoding = 4; lastKnownFileType = sourcecode.c.h; path = AQChartDetailViewController.h; sourceTree = "<group>"; };
		9BF39FBF1956431B00777DB9 /* AQChartDetailViewController.m */ = {isa = PBXFileReference; fileEncoding = 4; lastKnownFileType = sourcecode.c.objc; path = AQChartDetailViewController.m; sourceTree = "<group>"; };
		9BF39FC51956515700777DB9 /* AQDataModel.h */ = {isa = PBXFileReference; fileEncoding = 4; lastKnownFileType = sourcecode.c.h; path = AQDataModel.h; sourceTree = "<group>"; };
		9BF39FC61956515700777DB9 /* AQDataModel.m */ = {isa = PBXFileReference; fileEncoding = 4; lastKnownFileType = sourcecode.c.objc; path = AQDataModel.m; sourceTree = "<group>"; };
/* End PBXFileReference section */

/* Begin PBXFrameworksBuildPhase section */
		9B769B541946C4EF00581A07 /* Frameworks */ = {
			isa = PBXFrameworksBuildPhase;
			buildActionMask = 2147483647;
			files = (
				9B769B5D1946C4EF00581A07 /* CoreGraphics.framework in Frameworks */,
				9B769B5F1946C4EF00581A07 /* UIKit.framework in Frameworks */,
				9B769B5B1946C4EF00581A07 /* Foundation.framework in Frameworks */,
				AFBA96371DE84A2184837E81 /* libPods.a in Frameworks */,
			);
			runOnlyForDeploymentPostprocessing = 0;
		};
/* End PBXFrameworksBuildPhase section */

/* Begin PBXGroup section */
		9B769B4E1946C4EF00581A07 = {
			isa = PBXGroup;
			children = (
				9B769B601946C4EF00581A07 /* anscombe-quartet-ios */,
				9B769B591946C4EF00581A07 /* Frameworks */,
				9B769B581946C4EF00581A07 /* Products */,
				384ED5DE99B94CB1837CF580 /* Pods.xcconfig */,
			);
			sourceTree = "<group>";
		};
		9B769B581946C4EF00581A07 /* Products */ = {
			isa = PBXGroup;
			children = (
				9B769B571946C4EF00581A07 /* anscombe-quartet-ios.app */,
			);
			name = Products;
			sourceTree = "<group>";
		};
		9B769B591946C4EF00581A07 /* Frameworks */ = {
			isa = PBXGroup;
			children = (
				9B769B5A1946C4EF00581A07 /* Foundation.framework */,
				9B769B5C1946C4EF00581A07 /* CoreGraphics.framework */,
				9B769B5E1946C4EF00581A07 /* UIKit.framework */,
				9B769B791946C4EF00581A07 /* XCTest.framework */,
				7B973261D2C24131AD99E38D /* libPods.a */,
			);
			name = Frameworks;
			sourceTree = "<group>";
		};
		9B769B601946C4EF00581A07 /* anscombe-quartet-ios */ = {
			isa = PBXGroup;
			children = (
				9BAF61B819562B7400482F21 /* Constants */,
				9BAF61AA19561EB200482F21 /* Controllers */,
				9B9881841946CF3B009304E2 /* Delegate */,
				9B769B721946C4EF00581A07 /* Images.xcassets */,
				9BF39FC41956515700777DB9 /* Model */,
				9B769B611946C4EF00581A07 /* Supporting Files */,
			);
			path = "anscombe-quartet-ios";
			sourceTree = "<group>";
		};
		9B769B611946C4EF00581A07 /* Supporting Files */ = {
			isa = PBXGroup;
			children = (
				9B769B621946C4EF00581A07 /* anscombe-quartet-ios-Info.plist */,
				9B769B631946C4EF00581A07 /* InfoPlist.strings */,
				9B769B661946C4EF00581A07 /* main.m */,
				9B769B681946C4EF00581A07 /* anscombe-quartet-ios-Prefix.pch */,
			);
			name = "Supporting Files";
			sourceTree = "<group>";
		};
		9B9881841946CF3B009304E2 /* Delegate */ = {
			isa = PBXGroup;
			children = (
				9B9881851946CF3B009304E2 /* AppDelegate.h */,
				9B9881861946CF3B009304E2 /* AppDelegate.m */,
			);
			path = Delegate;
			sourceTree = "<group>";
		};
		9BAF61AA19561EB200482F21 /* Controllers */ = {
			isa = PBXGroup;
			children = (
				9BAF61B219561EDF00482F21 /* Base */,
				9BAF61AB19561EB200482F21 /* Charts */,
			);
			path = Controllers;
			sourceTree = "<group>";
		};
		9BAF61AB19561EB200482F21 /* Charts */ = {
			isa = PBXGroup;
			children = (
				9BAF61AC19561EB200482F21 /* AQChartViewController.h */,
				9BAF61AD19561EB200482F21 /* AQChartViewController.m */,
				9BF39FBE1956431B00777DB9 /* AQChartDetailViewController.h */,
				9BF39FBF1956431B00777DB9 /* AQChartDetailViewController.m */,
			);
			path = Charts;
			sourceTree = "<group>";
		};
		9BAF61B219561EDF00482F21 /* Base */ = {
			isa = PBXGroup;
			children = (
				9BAF61B319561EDF00482F21 /* AQBaseNavigationController.h */,
				9BAF61B419561EDF00482F21 /* AQBaseNavigationController.m */,
			);
			path = Base;
			sourceTree = "<group>";
		};
		9BAF61B819562B7400482F21 /* Constants */ = {
			isa = PBXGroup;
			children = (
				9BAF61BA19562B8000482F21 /* AQColorConstants.h */,
				9BAF61B919562B7400482F21 /* AQConstants.h */,
				9BF39FBD19563C2400777DB9 /* AQStringConstants.h */,
			);
			path = Constants;
			sourceTree = "<group>";
		};
		9BF39FC41956515700777DB9 /* Model */ = {
			isa = PBXGroup;
			children = (
				9BF39FC51956515700777DB9 /* AQDataModel.h */,
				9BF39FC61956515700777DB9 /* AQDataModel.m */,
			);
			path = Model;
			sourceTree = "<group>";
		};
/* End PBXGroup section */

/* Begin PBXNativeTarget section */
		9B769B561946C4EF00581A07 /* anscombe-quartet-ios */ = {
			isa = PBXNativeTarget;
			buildConfigurationList = 9B769B891946C4EF00581A07 /* Build configuration list for PBXNativeTarget "anscombe-quartet-ios" */;
			buildPhases = (
				C076F2AF83A64C7CB7814868 /* Check Pods Manifest.lock */,
				9B769B531946C4EF00581A07 /* Sources */,
				9B769B541946C4EF00581A07 /* Frameworks */,
				9B769B551946C4EF00581A07 /* Resources */,
				132959D29A9747A790B633FF /* Copy Pods Resources */,
			);
			buildRules = (
			);
			dependencies = (
			);
			name = "anscombe-quartet-ios";
			productName = "anscombe-quartet-ios";
			productReference = 9B769B571946C4EF00581A07 /* anscombe-quartet-ios.app */;
			productType = "com.apple.product-type.application";
		};
/* End PBXNativeTarget section */

/* Begin PBXProject section */
		9B769B4F1946C4EF00581A07 /* Project object */ = {
			isa = PBXProject;
			attributes = {
				LastUpgradeCheck = 0510;
				ORGANIZATIONNAME = Jawbone;
			};
			buildConfigurationList = 9B769B521946C4EF00581A07 /* Build configuration list for PBXProject "anscombe-quartet-ios" */;
			compatibilityVersion = "Xcode 3.2";
			developmentRegion = English;
			hasScannedForEncodings = 0;
			knownRegions = (
				en,
				Base,
			);
			mainGroup = 9B769B4E1946C4EF00581A07;
			productRefGroup = 9B769B581946C4EF00581A07 /* Products */;
			projectDirPath = "";
			projectRoot = "";
			targets = (
				9B769B561946C4EF00581A07 /* anscombe-quartet-ios */,
			);
		};
/* End PBXProject section */

/* Begin PBXResourcesBuildPhase section */
		9B769B551946C4EF00581A07 /* Resources */ = {
			isa = PBXResourcesBuildPhase;
			buildActionMask = 2147483647;
			files = (
				9B769B731946C4EF00581A07 /* Images.xcassets in Resources */,
				9B769B651946C4EF00581A07 /* InfoPlist.strings in Resources */,
			);
			runOnlyForDeploymentPostprocessing = 0;
		};
/* End PBXResourcesBuildPhase section */

/* Begin PBXShellScriptBuildPhase section */
		132959D29A9747A790B633FF /* Copy Pods Resources */ = {
			isa = PBXShellScriptBuildPhase;
			buildActionMask = 2147483647;
			files = (
			);
			inputPaths = (
			);
			name = "Copy Pods Resources";
			outputPaths = (
			);
			runOnlyForDeploymentPostprocessing = 0;
			shellPath = /bin/sh;
			shellScript = "\"${SRCROOT}/Pods/Pods-resources.sh\"\n";
			showEnvVarsInLog = 0;
		};
		C076F2AF83A64C7CB7814868 /* Check Pods Manifest.lock */ = {
			isa = PBXShellScriptBuildPhase;
			buildActionMask = 2147483647;
			files = (
			);
			inputPaths = (
			);
			name = "Check Pods Manifest.lock";
			outputPaths = (
			);
			runOnlyForDeploymentPostprocessing = 0;
			shellPath = /bin/sh;
			shellScript = "diff \"${PODS_ROOT}/../Podfile.lock\" \"${PODS_ROOT}/Manifest.lock\" > /dev/null\nif [[ $? != 0 ]] ; then\n    cat << EOM\nerror: The sandbox is not in sync with the Podfile.lock. Run 'pod install' or update your CocoaPods installation.\nEOM\n    exit 1\nfi\n";
			showEnvVarsInLog = 0;
		};
/* End PBXShellScriptBuildPhase section */

/* Begin PBXSourcesBuildPhase section */
		9B769B531946C4EF00581A07 /* Sources */ = {
			isa = PBXSourcesBuildPhase;
			buildActionMask = 2147483647;
			files = (
				9BF39FC01956431B00777DB9 /* AQChartDetailViewController.m in Sources */,
				9BF39FC71956515700777DB9 /* AQDataModel.m in Sources */,
				9BAF61B519561EDF00482F21 /* AQBaseNavigationController.m in Sources */,
				9B9881871946CF3B009304E2 /* AppDelegate.m in Sources */,
				9BAF61AE19561EB200482F21 /* AQChartViewController.m in Sources */,
				9B769B671946C4EF00581A07 /* main.m in Sources */,
			);
			runOnlyForDeploymentPostprocessing = 0;
		};
/* End PBXSourcesBuildPhase section */

/* Begin PBXVariantGroup section */
		9B769B631946C4EF00581A07 /* InfoPlist.strings */ = {
			isa = PBXVariantGroup;
			children = (
				9B769B641946C4EF00581A07 /* en */,
			);
			name = InfoPlist.strings;
			sourceTree = "<group>";
		};
/* End PBXVariantGroup section */

/* Begin XCBuildConfiguration section */
		9B769B871946C4EF00581A07 /* Debug */ = {
			isa = XCBuildConfiguration;
			buildSettings = {
				ALWAYS_SEARCH_USER_PATHS = NO;
				CLANG_CXX_LANGUAGE_STANDARD = "gnu++0x";
				CLANG_CXX_LIBRARY = "libc++";
				CLANG_ENABLE_MODULES = YES;
				CLANG_ENABLE_OBJC_ARC = YES;
				CLANG_WARN_BOOL_CONVERSION = YES;
				CLANG_WARN_CONSTANT_CONVERSION = YES;
				CLANG_WARN_DIRECT_OBJC_ISA_USAGE = YES_ERROR;
				CLANG_WARN_EMPTY_BODY = YES;
				CLANG_WARN_ENUM_CONVERSION = YES;
				CLANG_WARN_INT_CONVERSION = YES;
				CLANG_WARN_OBJC_ROOT_CLASS = YES_ERROR;
				CLANG_WARN__DUPLICATE_METHOD_MATCH = YES;
				"CODE_SIGN_IDENTITY[sdk=iphoneos*]" = "iPhone Developer";
				COPY_PHASE_STRIP = NO;
				GCC_C_LANGUAGE_STANDARD = gnu99;
				GCC_DYNAMIC_NO_PIC = NO;
				GCC_OPTIMIZATION_LEVEL = 0;
				GCC_PREPROCESSOR_DEFINITIONS = (
					"DEBUG=1",
					"$(inherited)",
				);
				GCC_SYMBOLS_PRIVATE_EXTERN = NO;
				GCC_WARN_64_TO_32_BIT_CONVERSION = YES;
				GCC_WARN_ABOUT_RETURN_TYPE = YES_ERROR;
				GCC_WARN_UNDECLARED_SELECTOR = YES;
				GCC_WARN_UNINITIALIZED_AUTOS = YES_AGGRESSIVE;
				GCC_WARN_UNUSED_FUNCTION = YES;
				GCC_WARN_UNUSED_VARIABLE = YES;
				IPHONEOS_DEPLOYMENT_TARGET = 7.1;
				ONLY_ACTIVE_ARCH = YES;
				SDKROOT = iphoneos;
			};
			name = Debug;
		};
		9B769B881946C4EF00581A07 /* Release */ = {
			isa = XCBuildConfiguration;
			buildSettings = {
				ALWAYS_SEARCH_USER_PATHS = NO;
				CLANG_CXX_LANGUAGE_STANDARD = "gnu++0x";
				CLANG_CXX_LIBRARY = "libc++";
				CLANG_ENABLE_MODULES = YES;
				CLANG_ENABLE_OBJC_ARC = YES;
				CLANG_WARN_BOOL_CONVERSION = YES;
				CLANG_WARN_CONSTANT_CONVERSION = YES;
				CLANG_WARN_DIRECT_OBJC_ISA_USAGE = YES_ERROR;
				CLANG_WARN_EMPTY_BODY = YES;
				CLANG_WARN_ENUM_CONVERSION = YES;
				CLANG_WARN_INT_CONVERSION = YES;
				CLANG_WARN_OBJC_ROOT_CLASS = YES_ERROR;
				CLANG_WARN__DUPLICATE_METHOD_MATCH = YES;
				"CODE_SIGN_IDENTITY[sdk=iphoneos*]" = "iPhone Developer";
				COPY_PHASE_STRIP = YES;
				ENABLE_NS_ASSERTIONS = NO;
				GCC_C_LANGUAGE_STANDARD = gnu99;
				GCC_WARN_64_TO_32_BIT_CONVERSION = YES;
				GCC_WARN_ABOUT_RETURN_TYPE = YES_ERROR;
				GCC_WARN_UNDECLARED_SELECTOR = YES;
				GCC_WARN_UNINITIALIZED_AUTOS = YES_AGGRESSIVE;
				GCC_WARN_UNUSED_FUNCTION = YES;
				GCC_WARN_UNUSED_VARIABLE = YES;
				IPHONEOS_DEPLOYMENT_TARGET = 7.1;
				SDKROOT = iphoneos;
				VALIDATE_PRODUCT = YES;
			};
			name = Release;
		};
		9B769B8A1946C4EF00581A07 /* Debug */ = {
			isa = XCBuildConfiguration;
			baseConfigurationReference = 384ED5DE99B94CB1837CF580 /* Pods.xcconfig */;
			buildSettings = {
				ASSETCATALOG_COMPILER_APPICON_NAME = AppIcon;
				ASSETCATALOG_COMPILER_LAUNCHIMAGE_NAME = LaunchImage;
				GCC_PRECOMPILE_PREFIX_HEADER = YES;
				GCC_PREFIX_HEADER = "anscombe-quartet-ios/anscombe-quartet-ios-Prefix.pch";
				INFOPLIST_FILE = "anscombe-quartet-ios/anscombe-quartet-ios-Info.plist";
				PRODUCT_NAME = "$(TARGET_NAME)";
				WRAPPER_EXTENSION = app;
			};
			name = Debug;
		};
		9B769B8B1946C4EF00581A07 /* Release */ = {
			isa = XCBuildConfiguration;
			baseConfigurationReference = 384ED5DE99B94CB1837CF580 /* Pods.xcconfig */;
			buildSettings = {
				ASSETCATALOG_COMPILER_APPICON_NAME = AppIcon;
				ASSETCATALOG_COMPILER_LAUNCHIMAGE_NAME = LaunchImage;
				GCC_PRECOMPILE_PREFIX_HEADER = YES;
				GCC_PREFIX_HEADER = "anscombe-quartet-ios/anscombe-quartet-ios-Prefix.pch";
				INFOPLIST_FILE = "anscombe-quartet-ios/anscombe-quartet-ios-Info.plist";
				PRODUCT_NAME = "$(TARGET_NAME)";
				WRAPPER_EXTENSION = app;
			};
			name = Release;
		};
/* End XCBuildConfiguration section */

/* Begin XCConfigurationList section */
		9B769B521946C4EF00581A07 /* Build configuration list for PBXProject "anscombe-quartet-ios" */ = {
			isa = XCConfigurationList;
			buildConfigurations = (
				9B769B871946C4EF00581A07 /* Debug */,
				9B769B881946C4EF00581A07 /* Release */,
			);
			defaultConfigurationIsVisible = 0;
			defaultConfigurationName = Release;
		};
		9B769B891946C4EF00581A07 /* Build configuration list for PBXNativeTarget "anscombe-quartet-ios" */ = {
			isa = XCConfigurationList;
			buildConfigurations = (
				9B769B8A1946C4EF00581A07 /* Debug */,
				9B769B8B1946C4EF00581A07 /* Release */,
			);
			defaultConfigurationIsVisible = 0;
			defaultConfigurationName = Release;
		};
/* End XCConfigurationList section */
	};
	rootObject = 9B769B4F1946C4EF00581A07 /* Project object */;
}
